
Microsoft Visual Studio Solution File, Format Version 12.00
# Visual Studio Version 17
VisualStudioVersion = 17.5.33414.496
MinimumVisualStudioVersion = 10.0.40219.1
Project("{FAE04EC0-301F-11D3-BF4B-00C04F79EFBC}") = "lab_zyfra", "lab_zyfra.csproj", "{678D6E9A-13C1-4B57-A274-5DBE6EE3175A}"
EndProject
Global
	GlobalSection(SolutionConfigurationPlatforms) = preSolution
		Debug|Any CPU = Debug|Any CPU
		Release|Any CPU = Release|Any CPU
	EndGlobalSection
	GlobalSection(ProjectConfigurationPlatforms) = postSolution
		{678D6E9A-13C1-4B57-A274-5DBE6EE3175A}.Debug|Any CPU.ActiveCfg = Debug|Any CPU
		{678D6E9A-13C1-4B57-A274-5DBE6EE3175A}.Debug|Any CPU.Build.0 = Debug|Any CPU
		{678D6E9A-13C1-4B57-A274-5DBE6EE3175A}.Release|Any CPU.ActiveCfg = Release|Any CPU
		{678D6E9A-13C1-4B57-A274-5DBE6EE3175A}.Release|Any CPU.Build.0 = Release|Any CPU
	EndGlobalSection
	GlobalSection(SolutionProperties) = preSolution
		HideSolutionNode = FALSE
	EndGlobalSection
	GlobalSection(ExtensibilityGlobals) = postSolution
		SolutionGuid = {7118F233-6278-4747-A1F2-60DBBAC9622A}
	EndGlobalSection
EndGlobal
